
Microsoft Visual Studio Solution File, Format Version 12.00
# Visual Studio Version 16
VisualStudioVersion = 16.0.30413.136
MinimumVisualStudioVersion = 10.0.40219.1
Project("{FAE04EC0-301F-11D3-BF4B-00C04F79EFBC}") = "ben_py_gui_builder", "ben_py_gui_builder\ben_py_gui_builder.csproj", "{06E461C5-8CDB-44C8-95B1-96506C5EB047}"
EndProject
Global
	GlobalSection(SolutionConfigurationPlatforms) = preSolution
		Debug|Any CPU = Debug|Any CPU
		Release|Any CPU = Release|Any CPU
	EndGlobalSection
	GlobalSection(ProjectConfigurationPlatforms) = postSolution
		{06E461C5-8CDB-44C8-95B1-96506C5EB047}.Debug|Any CPU.ActiveCfg = Debug|Any CPU
		{06E461C5-8CDB-44C8-95B1-96506C5EB047}.Debug|Any CPU.Build.0 = Debug|Any CPU
		{06E461C5-8CDB-44C8-95B1-96506C5EB047}.Release|Any CPU.ActiveCfg = Release|Any CPU
		{06E461C5-8CDB-44C8-95B1-96506C5EB047}.Release|Any CPU.Build.0 = Release|Any CPU
	EndGlobalSection
	GlobalSection(SolutionProperties) = preSolution
		HideSolutionNode = FALSE
	EndGlobalSection
	GlobalSection(ExtensibilityGlobals) = postSolution
		SolutionGuid = {69501D84-0114-4390-8CCE-0DC672B82E13}
	EndGlobalSection
EndGlobal
